Microsoft Visual Studio Solution File, Format Version 12.00
# Visual Studio Version 17
VisualStudioVersion = 17.5.2.0
MinimumVisualStudioVersion = 10.0.40219.1
Project("{FAE04EC0-301F-11D3-BF4B-00C04F79EFBC}") = "CarefreeTracker", "CarefreeTracker.csproj", "{71E77923-1AFB-0BFD-BFBB-1ECDE8FB650E}"
EndProject
Global
	GlobalSection(SolutionConfigurationPlatforms) = preSolution
		Debug|Any CPU = Debug|Any CPU
		Release|Any CPU = Release|Any CPU
	EndGlobalSection
	GlobalSection(ProjectConfigurationPlatforms) = postSolution
		{71E77923-1AFB-0BFD-BFBB-1ECDE8FB650E}.Debug|Any CPU.ActiveCfg = Debug|Any CPU
		{71E77923-1AFB-0BFD-BFBB-1ECDE8FB650E}.Debug|Any CPU.Build.0 = Debug|Any CPU
		{71E77923-1AFB-0BFD-BFBB-1ECDE8FB650E}.Release|Any CPU.ActiveCfg = Release|Any CPU
		{71E77923-1AFB-0BFD-BFBB-1ECDE8FB650E}.Release|Any CPU.Build.0 = Release|Any CPU
	EndGlobalSection
	GlobalSection(SolutionProperties) = preSolution
		HideSolutionNode = FALSE
	EndGlobalSection
	GlobalSection(ExtensibilityGlobals) = postSolution
		SolutionGuid = {CDD8D12E-6F37-4945-863B-4122FBE9B93F}
	EndGlobalSection
EndGlobal
